// !$*UTF8*$!
{
	archiveVersion = 1;
	classes = {
	};
	objectVersion = 56;
	objects = {

/* Begin PBXBuildFile section */
		D873C2B32A81AC0D00E30935 /* AnimalsTypeDataService.swift in Sources */ = {isa = PBXBuildFile; fileRef = D873C2B22A81AC0D00E30935 /* AnimalsTypeDataService.swift */; };
		D873C2B52A81B46400E30935 /* AnimalsViewModel.swift in Sources */ = {isa = PBXBuildFile; fileRef = D873C2B42A81B46400E30935 /* AnimalsViewModel.swift */; };
		D873C2BA2A843E5F00E30935 /* AnimalDetailView.swift in Sources */ = {isa = PBXBuildFile; fileRef = D873C2B92A843E5F00E30935 /* AnimalDetailView.swift */; };
		D873C2BC2A84454700E30935 /* AnimalItemView.swift in Sources */ = {isa = PBXBuildFile; fileRef = D873C2BB2A84454700E30935 /* AnimalItemView.swift */; };
		D89CBCD42AA50A3E006A6FA1 /* Lion.wav in Resources */ = {isa = PBXBuildFile; fileRef = D89CBCB82AA50A3B006A6FA1 /* Lion.wav */; };
		D89CBCD52AA50A3E006A6FA1 /* Moose.wav in Resources */ = {isa = PBXBuildFile; fileRef = D89CBCB92AA50A3B006A6FA1 /* Moose.wav */; };
		D89CBCD62AA50A3E006A6FA1 /* Duck.wav in Resources */ = {isa = PBXBuildFile; fileRef = D89CBCBA2AA50A3B006A6FA1 /* Duck.wav */; };
		D89CBCD72AA50A3E006A6FA1 /* Cat.wav in Resources */ = {isa = PBXBuildFile; fileRef = D89CBCBB2AA50A3B006A6FA1 /* Cat.wav */; };
		D89CBCD82AA50A3E006A6FA1 /* Crocodile.wav in Resources */ = {isa = PBXBuildFile; fileRef = D89CBCBC2AA50A3B006A6FA1 /* Crocodile.wav */; };
		D89CBCD92AA50A3E006A6FA1 /* Owl.wav in Resources */ = {isa = PBXBuildFile; fileRef = D89CBCBD2AA50A3B006A6FA1 /* Owl.wav */; };
		D89CBCDA2AA50A3E006A6FA1 /* Monkey.wav in Resources */ = {isa = PBXBuildFile; fileRef = D89CBCBE2AA50A3B006A6FA1 /* Monkey.wav */; };
		D89CBCDB2AA50A3E006A6FA1 /* Snake.wav in Resources */ = {isa = PBXBuildFile; fileRef = D89CBCBF2AA50A3C006A6FA1 /* Snake.wav */; };
		D89CBCDC2AA50A3E006A6FA1 /* Cow.wav in Resources */ = {isa = PBXBuildFile; fileRef = D89CBCC02AA50A3C006A6FA1 /* Cow.wav */; };
		D89CBCDD2AA50A3E006A6FA1 /* Fox.wav in Resources */ = {isa = PBXBuildFile; fileRef = D89CBCC12AA50A3C006A6FA1 /* Fox.wav */; };
		D89CBCDE2AA50A3E006A6FA1 /* Raccoon.wav in Resources */ = {isa = PBXBuildFile; fileRef = D89CBCC22AA50A3C006A6FA1 /* Raccoon.wav */; };
		D89CBCDF2AA50A3E006A6FA1 /* Chicken.wav in Resources */ = {isa = PBXBuildFile; fileRef = D89CBCC32AA50A3C006A6FA1 /* Chicken.wav */; };
		D89CBCE02AA50A3E006A6FA1 /* Leopard.wav in Resources */ = {isa = PBXBuildFile; fileRef = D89CBCC42AA50A3C006A6FA1 /* Leopard.wav */; };
		D89CBCE12AA50A3E006A6FA1 /* Wolf.wav in Resources */ = {isa = PBXBuildFile; fileRef = D89CBCC52AA50A3C006A6FA1 /* Wolf.wav */; };
		D89CBCE22AA50A3E006A6FA1 /* Eagle.wav in Resources */ = {isa = PBXBuildFile; fileRef = D89CBCC62AA50A3C006A6FA1 /* Eagle.wav */; };
		D89CBCE32AA50A3E006A6FA1 /* Squirrel.wav in Resources */ = {isa = PBXBuildFile; fileRef = D89CBCC72AA50A3D006A6FA1 /* Squirrel.wav */; };
		D89CBCE42AA50A3E006A6FA1 /* Zebra.wav in Resources */ = {isa = PBXBuildFile; fileRef = D89CBCC82AA50A3D006A6FA1 /* Zebra.wav */; };
		D89CBCE52AA50A3E006A6FA1 /* Buffalo.wav in Resources */ = {isa = PBXBuildFile; fileRef = D89CBCC92AA50A3D006A6FA1 /* Buffalo.wav */; };
		D89CBCE62AA50A3E006A6FA1 /* Bear.wav in Resources */ = {isa = PBXBuildFile; fileRef = D89CBCCA2AA50A3D006A6FA1 /* Bear.wav */; };
		D89CBCE72AA50A3E006A6FA1 /* Horse.wav in Resources */ = {isa = PBXBuildFile; fileRef = D89CBCCB2AA50A3D006A6FA1 /* Horse.wav */; };
		D89CBCE82AA50A3E006A6FA1 /* Tiger.wav in Resources */ = {isa = PBXBuildFile; fileRef = D89CBCCC2AA50A3E006A6FA1 /* Tiger.wav */; };
		D89CBCE92AA50A3E006A6FA1 /* Dog.wav in Resources */ = {isa = PBXBuildFile; fileRef = D89CBCCD2AA50A3E006A6FA1 /* Dog.wav */; };
		D89CBCEA2AA50A3E006A6FA1 /* Pinguin.wav in Resources */ = {isa = PBXBuildFile; fileRef = D89CBCCE2AA50A3E006A6FA1 /* Pinguin.wav */; };
		D89CBCEB2AA50A3E006A6FA1 /* Pig.wav in Resources */ = {isa = PBXBuildFile; fileRef = D89CBCCF2AA50A3E006A6FA1 /* Pig.wav */; };
		D89CBCEC2AA50A3E006A6FA1 /* Gorilla.wav in Resources */ = {isa = PBXBuildFile; fileRef = D89CBCD02AA50A3E006A6FA1 /* Gorilla.wav */; };
		D89CBCED2AA50A3E006A6FA1 /* Hippo.wav in Resources */ = {isa = PBXBuildFile; fileRef = D89CBCD12AA50A3E006A6FA1 /* Hippo.wav */; };
		D89CBCEE2AA50A3E006A6FA1 /* Sheep.wav in Resources */ = {isa = PBXBuildFile; fileRef = D89CBCD22AA50A3E006A6FA1 /* Sheep.wav */; };
		D89CBCEF2AA50A3E006A6FA1 /* Elephant.wav in Resources */ = {isa = PBXBuildFile; fileRef = D89CBCD32AA50A3E006A6FA1 /* Elephant.wav */; };
		D89CBCF22AA50ABA006A6FA1 /* AVFoundation.framework in Frameworks */ = {isa = PBXBuildFile; fileRef = D89CBCF12AA50ABA006A6FA1 /* AVFoundation.framework */; };
		D89CBCF42AA94C45006A6FA1 /* AnimalSoundEffectService .swift in Sources */ = {isa = PBXBuildFile; fileRef = D89CBCF32AA94C45006A6FA1 /* AnimalSoundEffectService .swift */; };
		D8AAABB12AB9F2D100452B8A /* YoutubeVideoView.swift in Sources */ = {isa = PBXBuildFile; fileRef = D8AAABB02AB9F2D100452B8A /* YoutubeVideoView.swift */; };
		D8AAABB42AB9FB3300452B8A /* YouTubePlayerKit in Frameworks */ = {isa = PBXBuildFile; productRef = D8AAABB32AB9FB3300452B8A /* YouTubePlayerKit */; };
		D8AAABC32ABBA2F900452B8A /* TrainLetters-Demo.ttf in Resources */ = {isa = PBXBuildFile; fileRef = D8AAABC02ABBA2F800452B8A /* TrainLetters-Demo.ttf */; };
		D8AAABC62ABBA77800452B8A /* King Kids.otf in Resources */ = {isa = PBXBuildFile; fileRef = D8AAABC52ABBA77800452B8A /* King Kids.otf */; };
		D8E0695A2A781D9100A150B7 /* AnimalWorldApp.swift in Sources */ = {isa = PBXBuildFile; fileRef = D8E069592A781D9100A150B7 /* AnimalWorldApp.swift */; };
		D8E0695C2A781D9100A150B7 /* AnimalCatalogView.swift in Sources */ = {isa = PBXBuildFile; fileRef = D8E0695B2A781D9100A150B7 /* AnimalCatalogView.swift */; };
		D8E0695E2A781D9400A150B7 /* Assets.xcassets in Resources */ = {isa = PBXBuildFile; fileRef = D8E0695D2A781D9400A150B7 /* Assets.xcassets */; };
		D8E069612A781D9400A150B7 /* Preview Assets.xcassets in Resources */ = {isa = PBXBuildFile; fileRef = D8E069602A781D9400A150B7 /* Preview Assets.xcassets */; };
		D8E069692A781E0F00A150B7 /* AnimalModel .swift in Sources */ = {isa = PBXBuildFile; fileRef = D8E069682A781E0F00A150B7 /* AnimalModel .swift */; };
/* End PBXBuildFile section */

/* Begin PBXFileReference section */
		D873C2B22A81AC0D00E30935 /* AnimalsTypeDataService.swift */ = {isa = PBXFileReference; lastKnownFileType = sourcecode.swift; path = AnimalsTypeDataService.swift; sourceTree = "<group>"; };
		D873C2B42A81B46400E30935 /* AnimalsViewModel.swift */ = {isa = PBXFileReference; lastKnownFileType = sourcecode.swift; path = AnimalsViewModel.swift; sourceTree = "<group>"; };
		D873C2B92A843E5F00E30935 /* AnimalDetailView.swift */ = {isa = PBXFileReference; lastKnownFileType = sourcecode.swift; path = AnimalDetailView.swift; sourceTree = "<group>"; };
		D873C2BB2A84454700E30935 /* AnimalItemView.swift */ = {isa = PBXFileReference; lastKnownFileType = sourcecode.swift; path = AnimalItemView.swift; sourceTree = "<group>"; };
		D89CBCB82AA50A3B006A6FA1 /* Lion.wav */ = {isa = PBXFileReference; lastKnownFileType = audio.wav; path = Lion.wav; sourceTree = "<group>"; };
		D89CBCB92AA50A3B006A6FA1 /* Moose.wav */ = {isa = PBXFileReference; lastKnownFileType = audio.wav; path = Moose.wav; sourceTree = "<group>"; };
		D89CBCBA2AA50A3B006A6FA1 /* Duck.wav */ = {isa = PBXFileReference; lastKnownFileType = audio.wav; path = Duck.wav; sourceTree = "<group>"; };
		D89CBCBB2AA50A3B006A6FA1 /* Cat.wav */ = {isa = PBXFileReference; lastKnownFileType = audio.wav; path = Cat.wav; sourceTree = "<group>"; };
		D89CBCBC2AA50A3B006A6FA1 /* Crocodile.wav */ = {isa = PBXFileReference; lastKnownFileType = audio.wav; path = Crocodile.wav; sourceTree = "<group>"; };
		D89CBCBD2AA50A3B006A6FA1 /* Owl.wav */ = {isa = PBXFileReference; lastKnownFileType = audio.wav; path = Owl.wav; sourceTree = "<group>"; };
		D89CBCBE2AA50A3B006A6FA1 /* Monkey.wav */ = {isa = PBXFileReference; lastKnownFileType = audio.wav; path = Monkey.wav; sourceTree = "<group>"; };
		D89CBCBF2AA50A3C006A6FA1 /* Snake.wav */ = {isa = PBXFileReference; lastKnownFileType = audio.wav; path = Snake.wav; sourceTree = "<group>"; };
		D89CBCC02AA50A3C006A6FA1 /* Cow.wav */ = {isa = PBXFileReference; lastKnownFileType = audio.wav; path = Cow.wav; sourceTree = "<group>"; };
		D89CBCC12AA50A3C006A6FA1 /* Fox.wav */ = {isa = PBXFileReference; lastKnownFileType = audio.wav; path = Fox.wav; sourceTree = "<group>"; };
		D89CBCC22AA50A3C006A6FA1 /* Raccoon.wav */ = {isa = PBXFileReference; lastKnownFileType = audio.wav; path = Raccoon.wav; sourceTree = "<group>"; };
		D89CBCC32AA50A3C006A6FA1 /* Chicken.wav */ = {isa = PBXFileReference; lastKnownFileType = audio.wav; path = Chicken.wav; sourceTree = "<group>"; };
		D89CBCC42AA50A3C006A6FA1 /* Leopard.wav */ = {isa = PBXFileReference; lastKnownFileType = audio.wav; path = Leopard.wav; sourceTree = "<group>"; };
		D89CBCC52AA50A3C006A6FA1 /* Wolf.wav */ = {isa = PBXFileReference; lastKnownFileType = audio.wav; path = Wolf.wav; sourceTree = "<group>"; };
		D89CBCC62AA50A3C006A6FA1 /* Eagle.wav */ = {isa = PBXFileReference; lastKnownFileType = audio.wav; path = Eagle.wav; sourceTree = "<group>"; };
		D89CBCC72AA50A3D006A6FA1 /* Squirrel.wav */ = {isa = PBXFileReference; lastKnownFileType = audio.wav; path = Squirrel.wav; sourceTree = "<group>"; };
		D89CBCC82AA50A3D006A6FA1 /* Zebra.wav */ = {isa = PBXFileReference; lastKnownFileType = audio.wav; path = Zebra.wav; sourceTree = "<group>"; };
		D89CBCC92AA50A3D006A6FA1 /* Buffalo.wav */ = {isa = PBXFileReference; lastKnownFileType = audio.wav; path = Buffalo.wav; sourceTree = "<group>"; };
		D89CBCCA2AA50A3D006A6FA1 /* Bear.wav */ = {isa = PBXFileReference; lastKnownFileType = audio.wav; path = Bear.wav; sourceTree = "<group>"; };
		D89CBCCB2AA50A3D006A6FA1 /* Horse.wav */ = {isa = PBXFileReference; lastKnownFileType = audio.wav; path = Horse.wav; sourceTree = "<group>"; };
		D89CBCCC2AA50A3E006A6FA1 /* Tiger.wav */ = {isa = PBXFileReference; lastKnownFileType = audio.wav; path = Tiger.wav; sourceTree = "<group>"; };
		D89CBCCD2AA50A3E006A6FA1 /* Dog.wav */ = {isa = PBXFileReference; lastKnownFileType = audio.wav; path = Dog.wav; sourceTree = "<group>"; };
		D89CBCCE2AA50A3E006A6FA1 /* Pinguin.wav */ = {isa = PBXFileReference; lastKnownFileType = audio.wav; path = Pinguin.wav; sourceTree = "<group>"; };
		D89CBCCF2AA50A3E006A6FA1 /* Pig.wav */ = {isa = PBXFileReference; lastKnownFileType = audio.wav; path = Pig.wav; sourceTree = "<group>"; };
		D89CBCD02AA50A3E006A6FA1 /* Gorilla.wav */ = {isa = PBXFileReference; lastKnownFileType = audio.wav; path = Gorilla.wav; sourceTree = "<group>"; };
		D89CBCD12AA50A3E006A6FA1 /* Hippo.wav */ = {isa = PBXFileReference; lastKnownFileType = audio.wav; path = Hippo.wav; sourceTree = "<group>"; };
		D89CBCD22AA50A3E006A6FA1 /* Sheep.wav */ = {isa = PBXFileReference; lastKnownFileType = audio.wav; path = Sheep.wav; sourceTree = "<group>"; };
		D89CBCD32AA50A3E006A6FA1 /* Elephant.wav */ = {isa = PBXFileReference; lastKnownFileType = audio.wav; path = Elephant.wav; sourceTree = "<group>"; };
		D89CBCF12AA50ABA006A6FA1 /* AVFoundation.framework */ = {isa = PBXFileReference; lastKnownFileType = wrapper.framework; name = AVFoundation.framework; path = System/Library/Frameworks/AVFoundation.framework; sourceTree = SDKROOT; };
		D89CBCF32AA94C45006A6FA1 /* AnimalSoundEffectService .swift */ = {isa = PBXFileReference; lastKnownFileType = sourcecode.swift; path = "AnimalSoundEffectService .swift"; sourceTree = "<group>"; };
		D8AAABB02AB9F2D100452B8A /* YoutubeVideoView.swift */ = {isa = PBXFileReference; lastKnownFileType = sourcecode.swift; path = YoutubeVideoView.swift; sourceTree = "<group>"; };
		D8AAABC02ABBA2F800452B8A /* TrainLetters-Demo.ttf */ = {isa = PBXFileReference; lastKnownFileType = file; path = "TrainLetters-Demo.ttf"; sourceTree = "<group>"; };
		D8AAABC42ABBA39500452B8A /* Info.plist */ = {isa = PBXFileReference; lastKnownFileType = text.plist; path = Info.plist; sourceTree = "<group>"; };
		D8AAABC52ABBA77800452B8A /* King Kids.otf */ = {isa = PBXFileReference; lastKnownFileType = file; path = "King Kids.otf"; sourceTree = "<group>"; };
		D8E069562A781D9100A150B7 /* AnimalWorld.app */ = {isa = PBXFileReference; explicitFileType = wrapper.application; includeInIndex = 0; path = AnimalWorld.app; sourceTree = BUILT_PRODUCTS_DIR; };
		D8E069592A781D9100A150B7 /* AnimalWorldApp.swift */ = {isa = PBXFileReference; lastKnownFileType = sourcecode.swift; path = AnimalWorldApp.swift; sourceTree = "<group>"; };
		D8E0695B2A781D9100A150B7 /* AnimalCatalogView.swift */ = {isa = PBXFileReference; lastKnownFileType = sourcecode.swift; path = AnimalCatalogView.swift; sourceTree = "<group>"; };
		D8E0695D2A781D9400A150B7 /* Assets.xcassets */ = {isa = PBXFileReference; lastKnownFileType = folder.assetcatalog; path = Assets.xcassets; sourceTree = "<group>"; };
		D8E069602A781D9400A150B7 /* Preview Assets.xcassets */ = {isa = PBXFileReference; lastKnownFileType = folder.assetcatalog; path = "Preview Assets.xcassets"; sourceTree = "<group>"; };
		D8E069682A781E0F00A150B7 /* AnimalModel .swift */ = {isa = PBXFileReference; lastKnownFileType = sourcecode.swift; path = "AnimalModel .swift"; sourceTree = "<group>"; };
/* End PBXFileReference section */

/* Begin PBXFrameworksBuildPhase section */
		D8E069532A781D9100A150B7 /* Frameworks */ = {
			isa = PBXFrameworksBuildPhase;
			buildActionMask = 2147483647;
			files = (
				D8AAABB42AB9FB3300452B8A /* YouTubePlayerKit in Frameworks */,
				D89CBCF22AA50ABA006A6FA1 /* AVFoundation.framework in Frameworks */,
			);
			runOnlyForDeploymentPostprocessing = 0;
		};
/* End PBXFrameworksBuildPhase section */

/* Begin PBXGroup section */
		D873C2B12A81ABFB00E30935 /* Managers */ = {
			isa = PBXGroup;
			children = (
				D873C2B22A81AC0D00E30935 /* AnimalsTypeDataService.swift */,
				D89CBCF32AA94C45006A6FA1 /* AnimalSoundEffectService .swift */,
			);
			path = Managers;
			sourceTree = "<group>";
		};
		D873C2B72A843E2800E30935 /* AnimalCatalog */ = {
			isa = PBXGroup;
			children = (
				D8E0695B2A781D9100A150B7 /* AnimalCatalogView.swift */,
				D873C2B42A81B46400E30935 /* AnimalsViewModel.swift */,
				D873C2B82A843E3C00E30935 /* Views */,
			);
			path = AnimalCatalog;
			sourceTree = "<group>";
		};
		D873C2B82A843E3C00E30935 /* Views */ = {
			isa = PBXGroup;
			children = (
				D873C2B92A843E5F00E30935 /* AnimalDetailView.swift */,
				D873C2BB2A84454700E30935 /* AnimalItemView.swift */,
				D8AAABB02AB9F2D100452B8A /* YoutubeVideoView.swift */,
			);
			path = Views;
			sourceTree = "<group>";
		};
		D89CBC352AA509B0006A6FA1 /* SupportingFiles */ = {
			isa = PBXGroup;
			children = (
				D89CBCCA2AA50A3D006A6FA1 /* Bear.wav */,
				D89CBCC92AA50A3D006A6FA1 /* Buffalo.wav */,
				D89CBCBB2AA50A3B006A6FA1 /* Cat.wav */,
				D89CBCC32AA50A3C006A6FA1 /* Chicken.wav */,
				D89CBCC02AA50A3C006A6FA1 /* Cow.wav */,
				D89CBCBC2AA50A3B006A6FA1 /* Crocodile.wav */,
				D89CBCCD2AA50A3E006A6FA1 /* Dog.wav */,
				D89CBCBA2AA50A3B006A6FA1 /* Duck.wav */,
				D89CBCC62AA50A3C006A6FA1 /* Eagle.wav */,
				D89CBCD32AA50A3E006A6FA1 /* Elephant.wav */,
				D89CBCC12AA50A3C006A6FA1 /* Fox.wav */,
				D89CBCD02AA50A3E006A6FA1 /* Gorilla.wav */,
				D89CBCD12AA50A3E006A6FA1 /* Hippo.wav */,
				D89CBCCB2AA50A3D006A6FA1 /* Horse.wav */,
				D89CBCC42AA50A3C006A6FA1 /* Leopard.wav */,
				D89CBCB82AA50A3B006A6FA1 /* Lion.wav */,
				D89CBCBE2AA50A3B006A6FA1 /* Monkey.wav */,
				D89CBCB92AA50A3B006A6FA1 /* Moose.wav */,
				D89CBCBD2AA50A3B006A6FA1 /* Owl.wav */,
				D89CBCCF2AA50A3E006A6FA1 /* Pig.wav */,
				D89CBCCE2AA50A3E006A6FA1 /* Pinguin.wav */,
				D89CBCC22AA50A3C006A6FA1 /* Raccoon.wav */,
				D89CBCD22AA50A3E006A6FA1 /* Sheep.wav */,
				D89CBCBF2AA50A3C006A6FA1 /* Snake.wav */,
				D89CBCC72AA50A3D006A6FA1 /* Squirrel.wav */,
				D89CBCCC2AA50A3E006A6FA1 /* Tiger.wav */,
				D89CBCC52AA50A3C006A6FA1 /* Wolf.wav */,
				D89CBCC82AA50A3D006A6FA1 /* Zebra.wav */,
			);
			path = SupportingFiles;
			sourceTree = "<group>";
		};
		D89CBCF02AA50ABA006A6FA1 /* Frameworks */ = {
			isa = PBXGroup;
			children = (
				D89CBCF12AA50ABA006A6FA1 /* AVFoundation.framework */,
			);
			name = Frameworks;
			sourceTree = "<group>";
		};
		D8AAABBD2ABBA2F800452B8A /* Fonts */ = {
			isa = PBXGroup;
			children = (
				D8AAABC02ABBA2F800452B8A /* TrainLetters-Demo.ttf */,
				D8AAABC52ABBA77800452B8A /* King Kids.otf */,
			);
			path = Fonts;
			sourceTree = "<group>";
		};
		D8E0694D2A781D9100A150B7 = {
			isa = PBXGroup;
			children = (
				D8E069582A781D9100A150B7 /* AnimalWorld */,
				D8AAABBD2ABBA2F800452B8A /* Fonts */,
				D89CBC352AA509B0006A6FA1 /* SupportingFiles */,
				D8E069572A781D9100A150B7 /* Products */,
				D89CBCF02AA50ABA006A6FA1 /* Frameworks */,
			);
			sourceTree = "<group>";
		};
		D8E069572A781D9100A150B7 /* Products */ = {
			isa = PBXGroup;
			children = (
				D8E069562A781D9100A150B7 /* AnimalWorld.app */,
			);
			name = Products;
			sourceTree = "<group>";
		};
		D8E069582A781D9100A150B7 /* AnimalWorld */ = {
			isa = PBXGroup;
			children = (
				D8AAABC42ABBA39500452B8A /* Info.plist */,
				D8E069592A781D9100A150B7 /* AnimalWorldApp.swift */,
				D873C2B12A81ABFB00E30935 /* Managers */,
				D8E069672A781DF600A150B7 /* Model */,
				D8E0696A2A78206700A150B7 /* Modules */,
				D8E0695D2A781D9400A150B7 /* Assets.xcassets */,
				D8E0695F2A781D9400A150B7 /* Preview Content */,
			);
			path = AnimalWorld;
			sourceTree = "<group>";
		};
		D8E0695F2A781D9400A150B7 /* Preview Content */ = {
			isa = PBXGroup;
			children = (
				D8E069602A781D9400A150B7 /* Preview Assets.xcassets */,
			);
			path = "Preview Content";
			sourceTree = "<group>";
		};
		D8E069672A781DF600A150B7 /* Model */ = {
			isa = PBXGroup;
			children = (
				D8E069682A781E0F00A150B7 /* AnimalModel .swift */,
			);
			path = Model;
			sourceTree = "<group>";
		};
		D8E0696A2A78206700A150B7 /* Modules */ = {
			isa = PBXGroup;
			children = (
				D873C2B72A843E2800E30935 /* AnimalCatalog */,
			);
			path = Modules;
			sourceTree = "<group>";
		};
/* End PBXGroup section */

/* Begin PBXNativeTarget section */
		D8E069552A781D9100A150B7 /* AnimalWorld */ = {
			isa = PBXNativeTarget;
			buildConfigurationList = D8E069642A781D9400A150B7 /* Build configuration list for PBXNativeTarget "AnimalWorld" */;
			buildPhases = (
				D8E069522A781D9100A150B7 /* Sources */,
				D8E069532A781D9100A150B7 /* Frameworks */,
				D8E069542A781D9100A150B7 /* Resources */,
			);
			buildRules = (
			);
			dependencies = (
			);
			name = AnimalWorld;
			packageProductDependencies = (
				D8AAABB32AB9FB3300452B8A /* YouTubePlayerKit */,
			);
			productName = AnimalWorld;
			productReference = D8E069562A781D9100A150B7 /* AnimalWorld.app */;
			productType = "com.apple.product-type.application";
		};
/* End PBXNativeTarget section */

/* Begin PBXProject section */
		D8E0694E2A781D9100A150B7 /* Project object */ = {
			isa = PBXProject;
			attributes = {
				BuildIndependentTargetsInParallel = 1;
				LastSwiftUpdateCheck = 1420;
				LastUpgradeCheck = 1420;
				TargetAttributes = {
					D8E069552A781D9100A150B7 = {
						CreatedOnToolsVersion = 14.2;
					};
				};
			};
			buildConfigurationList = D8E069512A781D9100A150B7 /* Build configuration list for PBXProject "AnimalWorld" */;
			compatibilityVersion = "Xcode 14.0";
			developmentRegion = en;
			hasScannedForEncodings = 0;
			knownRegions = (
				en,
				Base,
			);
			mainGroup = D8E0694D2A781D9100A150B7;
			packageReferences = (
				D8AAABB22AB9FB3300452B8A /* XCRemoteSwiftPackageReference "YouTubePlayerKit" */,
			);
			productRefGroup = D8E069572A781D9100A150B7 /* Products */;
			projectDirPath = "";
			projectRoot = "";
			targets = (
				D8E069552A781D9100A150B7 /* AnimalWorld */,
			);
		};
/* End PBXProject section */

/* Begin PBXResourcesBuildPhase section */
		D8E069542A781D9100A150B7 /* Resources */ = {
			isa = PBXResourcesBuildPhase;
			buildActionMask = 2147483647;
			files = (
				D89CBCE72AA50A3E006A6FA1 /* Horse.wav in Resources */,
				D89CBCEB2AA50A3E006A6FA1 /* Pig.wav in Resources */,
				D8E069612A781D9400A150B7 /* Preview Assets.xcassets in Resources */,
				D89CBCED2AA50A3E006A6FA1 /* Hippo.wav in Resources */,
				D89CBCE32AA50A3E006A6FA1 /* Squirrel.wav in Resources */,
				D89CBCD62AA50A3E006A6FA1 /* Duck.wav in Resources */,
				D89CBCD72AA50A3E006A6FA1 /* Cat.wav in Resources */,
				D89CBCD52AA50A3E006A6FA1 /* Moose.wav in Resources */,
				D89CBCD82AA50A3E006A6FA1 /* Crocodile.wav in Resources */,
				D89CBCE42AA50A3E006A6FA1 /* Zebra.wav in Resources */,
				D89CBCEA2AA50A3E006A6FA1 /* Pinguin.wav in Resources */,
				D8E0695E2A781D9400A150B7 /* Assets.xcassets in Resources */,
				D89CBCE62AA50A3E006A6FA1 /* Bear.wav in Resources */,
				D89CBCE22AA50A3E006A6FA1 /* Eagle.wav in Resources */,
				D89CBCEC2AA50A3E006A6FA1 /* Gorilla.wav in Resources */,
				D89CBCDD2AA50A3E006A6FA1 /* Fox.wav in Resources */,
				D89CBCE02AA50A3E006A6FA1 /* Leopard.wav in Resources */,
				D89CBCDB2AA50A3E006A6FA1 /* Snake.wav in Resources */,
				D89CBCEE2AA50A3E006A6FA1 /* Sheep.wav in Resources */,
				D89CBCE82AA50A3E006A6FA1 /* Tiger.wav in Resources */,
				D89CBCDE2AA50A3E006A6FA1 /* Raccoon.wav in Resources */,
				D8AAABC32ABBA2F900452B8A /* TrainLetters-Demo.ttf in Resources */,
				D89CBCD42AA50A3E006A6FA1 /* Lion.wav in Resources */,
				D89CBCDF2AA50A3E006A6FA1 /* Chicken.wav in Resources */,
				D8AAABC62ABBA77800452B8A /* King Kids.otf in Resources */,
				D89CBCEF2AA50A3E006A6FA1 /* Elephant.wav in Resources */,
				D89CBCDA2AA50A3E006A6FA1 /* Monkey.wav in Resources */,
				D89CBCE92AA50A3E006A6FA1 /* Dog.wav in Resources */,
				D89CBCE52AA50A3E006A6FA1 /* Buffalo.wav in Resources */,
				D89CBCD92AA50A3E006A6FA1 /* Owl.wav in Resources */,
				D89CBCE12AA50A3E006A6FA1 /* Wolf.wav in Resources */,
				D89CBCDC2AA50A3E006A6FA1 /* Cow.wav in Resources */,
			);
			runOnlyForDeploymentPostprocessing = 0;
		};
/* End PBXResourcesBuildPhase section */

/* Begin PBXSourcesBuildPhase section */
		D8E069522A781D9100A150B7 /* Sources */ = {
			isa = PBXSourcesBuildPhase;
			buildActionMask = 2147483647;
			files = (
				D8E0695C2A781D9100A150B7 /* AnimalCatalogView.swift in Sources */,
				D8E069692A781E0F00A150B7 /* AnimalModel .swift in Sources */,
				D8E0695A2A781D9100A150B7 /* AnimalWorldApp.swift in Sources */,
				D89CBCF42AA94C45006A6FA1 /* AnimalSoundEffectService .swift in Sources */,
				D873C2B32A81AC0D00E30935 /* AnimalsTypeDataService.swift in Sources */,
				D873C2BC2A84454700E30935 /* AnimalItemView.swift in Sources */,
				D8AAABB12AB9F2D100452B8A /* YoutubeVideoView.swift in Sources */,
				D873C2B52A81B46400E30935 /* AnimalsViewModel.swift in Sources */,
				D873C2BA2A843E5F00E30935 /* AnimalDetailView.swift in Sources */,
			);
			runOnlyForDeploymentPostprocessing = 0;
		};
/* End PBXSourcesBuildPhase section */

/* Begin XCBuildConfiguration section */
		D8E069622A781D9400A150B7 /* Debug */ = {
			isa = XCBuildConfiguration;
			buildSettings = {
				ALWAYS_SEARCH_USER_PATHS = NO;
				CLANG_ANALYZER_NONNULL = YES;
				CLANG_ANALYZER_NUMBER_OBJECT_CONVERSION = YES_AGGRESSIVE;
				CLANG_CXX_LANGUAGE_STANDARD = "gnu++20";
				CLANG_ENABLE_MODULES = YES;
				CLANG_ENABLE_OBJC_ARC = YES;
				CLANG_ENABLE_OBJC_WEAK = YES;
				CLANG_WARN_BLOCK_CAPTURE_AUTORELEASING = YES;
				CLANG_WARN_BOOL_CONVERSION = YES;
				CLANG_WARN_COMMA = YES;
				CLANG_WARN_CONSTANT_CONVERSION = YES;
				CLANG_WARN_DEPRECATED_OBJC_IMPLEMENTATIONS = YES;
				CLANG_WARN_DIRECT_OBJC_ISA_USAGE = YES_ERROR;
				CLANG_WARN_DOCUMENTATION_COMMENTS = YES;
				CLANG_WARN_EMPTY_BODY = YES;
				CLANG_WARN_ENUM_CONVERSION = YES;
				CLANG_WARN_INFINITE_RECURSION = YES;
				CLANG_WARN_INT_CONVERSION = YES;
				CLANG_WARN_NON_LITERAL_NULL_CONVERSION = YES;
				CLANG_WARN_OBJC_IMPLICIT_RETAIN_SELF = YES;
				CLANG_WARN_OBJC_LITERAL_CONVERSION = YES;
				CLANG_WARN_OBJC_ROOT_CLASS = YES_ERROR;
				CLANG_WARN_QUOTED_INCLUDE_IN_FRAMEWORK_HEADER = YES;
				CLANG_WARN_RANGE_LOOP_ANALYSIS = YES;
				CLANG_WARN_STRICT_PROTOTYPES = YES;
				CLANG_WARN_SUSPICIOUS_MOVE = YES;
				CLANG_WARN_UNGUARDED_AVAILABILITY = YES_AGGRESSIVE;
				CLANG_WARN_UNREACHABLE_CODE = YES;
				CLANG_WARN__DUPLICATE_METHOD_MATCH = YES;
				COPY_PHASE_STRIP = NO;
				DEBUG_INFORMATION_FORMAT = dwarf;
				ENABLE_STRICT_OBJC_MSGSEND = YES;
				ENABLE_TESTABILITY = YES;
				GCC_C_LANGUAGE_STANDARD = gnu11;
				GCC_DYNAMIC_NO_PIC = NO;
				GCC_NO_COMMON_BLOCKS = YES;
				GCC_OPTIMIZATION_LEVEL = 0;
				GCC_PREPROCESSOR_DEFINITIONS = (
					"DEBUG=1",
					"$(inherited)",
				);
				GCC_WARN_64_TO_32_BIT_CONVERSION = YES;
				GCC_WARN_ABOUT_RETURN_TYPE = YES_ERROR;
				GCC_WARN_UNDECLARED_SELECTOR = YES;
				GCC_WARN_UNINITIALIZED_AUTOS = YES_AGGRESSIVE;
				GCC_WARN_UNUSED_FUNCTION = YES;
				GCC_WARN_UNUSED_VARIABLE = YES;
				IPHONEOS_DEPLOYMENT_TARGET = 16.2;
				MTL_ENABLE_DEBUG_INFO = INCLUDE_SOURCE;
				MTL_FAST_MATH = YES;
				ONLY_ACTIVE_ARCH = YES;
				SDKROOT = iphoneos;
				SWIFT_ACTIVE_COMPILATION_CONDITIONS = DEBUG;
				SWIFT_OPTIMIZATION_LEVEL = "-Onone";
			};
			name = Debug;
		};
		D8E069632A781D9400A150B7 /* Release */ = {
			isa = XCBuildConfiguration;
			buildSettings = {
				ALWAYS_SEARCH_USER_PATHS = NO;
				CLANG_ANALYZER_NONNULL = YES;
				CLANG_ANALYZER_NUMBER_OBJECT_CONVERSION = YES_AGGRESSIVE;
				CLANG_CXX_LANGUAGE_STANDARD = "gnu++20";
				CLANG_ENABLE_MODULES = YES;
				CLANG_ENABLE_OBJC_ARC = YES;
				CLANG_ENABLE_OBJC_WEAK = YES;
				CLANG_WARN_BLOCK_CAPTURE_AUTORELEASING = YES;
				CLANG_WARN_BOOL_CONVERSION = YES;
				CLANG_WARN_COMMA = YES;
				CLANG_WARN_CONSTANT_CONVERSION = YES;
				CLANG_WARN_DEPRECATED_OBJC_IMPLEMENTATIONS = YES;
				CLANG_WARN_DIRECT_OBJC_ISA_USAGE = YES_ERROR;
				CLANG_WARN_DOCUMENTATION_COMMENTS = YES;
				CLANG_WARN_EMPTY_BODY = YES;
				CLANG_WARN_ENUM_CONVERSION = YES;
				CLANG_WARN_INFINITE_RECURSION = YES;
				CLANG_WARN_INT_CONVERSION = YES;
				CLANG_WARN_NON_LITERAL_NULL_CONVERSION = YES;
				CLANG_WARN_OBJC_IMPLICIT_RETAIN_SELF = YES;
				CLANG_WARN_OBJC_LITERAL_CONVERSION = YES;
				CLANG_WARN_OBJC_ROOT_CLASS = YES_ERROR;
				CLANG_WARN_QUOTED_INCLUDE_IN_FRAMEWORK_HEADER = YES;
				CLANG_WARN_RANGE_LOOP_ANALYSIS = YES;
				CLANG_WARN_STRICT_PROTOTYPES = YES;
				CLANG_WARN_SUSPICIOUS_MOVE = YES;
				CLANG_WARN_UNGUARDED_AVAILABILITY = YES_AGGRESSIVE;
				CLANG_WARN_UNREACHABLE_CODE = YES;
				CLANG_WARN__DUPLICATE_METHOD_MATCH = YES;
				COPY_PHASE_STRIP = NO;
				DEBUG_INFORMATION_FORMAT = "dwarf-with-dsym";
				ENABLE_NS_ASSERTIONS = NO;
				ENABLE_STRICT_OBJC_MSGSEND = YES;
				GCC_C_LANGUAGE_STANDARD = gnu11;
				GCC_NO_COMMON_BLOCKS = YES;
				GCC_WARN_64_TO_32_BIT_CONVERSION = YES;
				GCC_WARN_ABOUT_RETURN_TYPE = YES_ERROR;
				GCC_WARN_UNDECLARED_SELECTOR = YES;
				GCC_WARN_UNINITIALIZED_AUTOS = YES_AGGRESSIVE;
				GCC_WARN_UNUSED_FUNCTION = YES;
				GCC_WARN_UNUSED_VARIABLE = YES;
				IPHONEOS_DEPLOYMENT_TARGET = 16.2;
				MTL_ENABLE_DEBUG_INFO = NO;
				MTL_FAST_MATH = YES;
				SDKROOT = iphoneos;
				SWIFT_COMPILATION_MODE = wholemodule;
				SWIFT_OPTIMIZATION_LEVEL = "-O";
				VALIDATE_PRODUCT = YES;
			};
			name = Release;
		};
		D8E069652A781D9400A150B7 /* Debug */ = {
			isa = XCBuildConfiguration;
			buildSettings = {
				ASSETCATALOG_COMPILER_APPICON_NAME = AppIcon;
				ASSETCATALOG_COMPILER_GLOBAL_ACCENT_COLOR_NAME = AccentColor;
				CODE_SIGN_STYLE = Automatic;
				CURRENT_PROJECT_VERSION = 1;
				DEVELOPMENT_ASSET_PATHS = "\"AnimalWorld/Preview Content\"";
				DEVELOPMENT_TEAM = 9KLKLA3BF5;
				ENABLE_PREVIEWS = YES;
				GENERATE_INFOPLIST_FILE = YES;
				INFOPLIST_FILE = AnimalWorld/Info.plist;
				INFOPLIST_KEY_UIApplicationSceneManifest_Generation = YES;
				INFOPLIST_KEY_UIApplicationSupportsIndirectInputEvents = YES;
				INFOPLIST_KEY_UILaunchScreen_Generation = YES;
				INFOPLIST_KEY_UISupportedInterfaceOrientations_iPad = "UIInterfaceOrientationPortrait UIInterfaceOrientationPortraitUpsideDown UIInterfaceOrientationLandscapeLeft UIInterfaceOrientationLandscapeRight";
				INFOPLIST_KEY_UISupportedInterfaceOrientations_iPhone = "UIInterfaceOrientationPortrait UIInterfaceOrientationLandscapeLeft UIInterfaceOrientationLandscapeRight";
				LD_RUNPATH_SEARCH_PATHS = (
					"$(inherited)",
					"@executable_path/Frameworks",
				);
				MARKETING_VERSION = 1.0;
				PRODUCT_BUNDLE_IDENTIFIER = com.zhanybeksalgarin.AnimalWorld;
				PRODUCT_NAME = "$(TARGET_NAME)";
				SWIFT_EMIT_LOC_STRINGS = YES;
				SWIFT_VERSION = 5.0;
				TARGETED_DEVICE_FAMILY = "1,2";
			};
			name = Debug;
		};
		D8E069662A781D9400A150B7 /* Release */ = {
			isa = XCBuildConfiguration;
			buildSettings = {
				ASSETCATALOG_COMPILER_APPICON_NAME = AppIcon;
				ASSETCATALOG_COMPILER_GLOBAL_ACCENT_COLOR_NAME = AccentColor;
				CODE_SIGN_STYLE = Automatic;
				CURRENT_PROJECT_VERSION = 1;
				DEVELOPMENT_ASSET_PATHS = "\"AnimalWorld/Preview Content\"";
				DEVELOPMENT_TEAM = 9KLKLA3BF5;
				ENABLE_PREVIEWS = YES;
				GENERATE_INFOPLIST_FILE = YES;
				INFOPLIST_FILE = AnimalWorld/Info.plist;
				INFOPLIST_KEY_UIApplicationSceneManifest_Generation = YES;
				INFOPLIST_KEY_UIApplicationSupportsIndirectInputEvents = YES;
				INFOPLIST_KEY_UILaunchScreen_Generation = YES;
				INFOPLIST_KEY_UISupportedInterfaceOrientations_iPad = "UIInterfaceOrientationPortrait UIInterfaceOrientationPortraitUpsideDown UIInterfaceOrientationLandscapeLeft UIInterfaceOrientationLandscapeRight";
				INFOPLIST_KEY_UISupportedInterfaceOrientations_iPhone = "UIInterfaceOrientationPortrait UIInterfaceOrientationLandscapeLeft UIInterfaceOrientationLandscapeRight";
				LD_RUNPATH_SEARCH_PATHS = (
					"$(inherited)",
					"@executable_path/Frameworks",
				);
				MARKETING_VERSION = 1.0;
				PRODUCT_BUNDLE_IDENTIFIER = com.zhanybeksalgarin.AnimalWorld;
				PRODUCT_NAME = "$(TARGET_NAME)";
				SWIFT_EMIT_LOC_STRINGS = YES;
				SWIFT_VERSION = 5.0;
				TARGETED_DEVICE_FAMILY = "1,2";
			};
			name = Release;
		};
/* End XCBuildConfiguration section */

/* Begin XCConfigurationList section */
		D8E069512A781D9100A150B7 /* Build configuration list for PBXProject "AnimalWorld" */ = {
			isa = XCConfigurationList;
			buildConfigurations = (
				D8E069622A781D9400A150B7 /* Debug */,
				D8E069632A781D9400A150B7 /* Release */,
			);
			defaultConfigurationIsVisible = 0;
			defaultConfigurationName = Release;
		};
		D8E069642A781D9400A150B7 /* Build configuration list for PBXNativeTarget "AnimalWorld" */ = {
			isa = XCConfigurationList;
			buildConfigurations = (
				D8E069652A781D9400A150B7 /* Debug */,
				D8E069662A781D9400A150B7 /* Release */,
			);
			defaultConfigurationIsVisible = 0;
			defaultConfigurationName = Release;
		};
/* End XCConfigurationList section */

/* Begin XCRemoteSwiftPackageReference section */
		D8AAABB22AB9FB3300452B8A /* XCRemoteSwiftPackageReference "YouTubePlayerKit" */ = {
			isa = XCRemoteSwiftPackageReference;
			repositoryURL = "https://github.com/SvenTiigi/YouTubePlayerKit.git";
			requirement = {
				kind = upToNextMajorVersion;
				minimumVersion = 1.0.0;
			};
		};
/* End XCRemoteSwiftPackageReference section */

/* Begin XCSwiftPackageProductDependency section */
		D8AAABB32AB9FB3300452B8A /* YouTubePlayerKit */ = {
			isa = XCSwiftPackageProductDependency;
			package = D8AAABB22AB9FB3300452B8A /* XCRemoteSwiftPackageReference "YouTubePlayerKit" */;
			productName = YouTubePlayerKit;
		};
/* End XCSwiftPackageProductDependency section */
	};
	rootObject = D8E0694E2A781D9100A150B7 /* Project object */;
}
